// !$*UTF8*$!
{
	archiveVersion = 1;
	classes = {
	};
	objectVersion = 56;
	objects = {

/* Begin PBXBuildFile section */
		840048722A702EAA000F628D /* SwiftCoinApp.swift in Sources */ = {isa = PBXBuildFile; fileRef = 840048712A702EAA000F628D /* SwiftCoinApp.swift */; };
		840048762A702EAC000F628D /* Assets.xcassets in Resources */ = {isa = PBXBuildFile; fileRef = 840048752A702EAC000F628D /* Assets.xcassets */; };
		840048792A702EAC000F628D /* Preview Assets.xcassets in Resources */ = {isa = PBXBuildFile; fileRef = 840048782A702EAC000F628D /* Preview Assets.xcassets */; };
		8400488A2A702F8F000F628D /* HomeView.swift in Sources */ = {isa = PBXBuildFile; fileRef = 840048892A702F8F000F628D /* HomeView.swift */; };
		8400488C2A70308A000F628D /* TopMoversView.swift in Sources */ = {isa = PBXBuildFile; fileRef = 8400488B2A70308A000F628D /* TopMoversView.swift */; };
		8400488E2A703096000F628D /* TopMoversItemView.swift in Sources */ = {isa = PBXBuildFile; fileRef = 8400488D2A703096000F628D /* TopMoversItemView.swift */; };
		840048902A703703000F628D /* AllCoinsView.swift in Sources */ = {isa = PBXBuildFile; fileRef = 8400488F2A703703000F628D /* AllCoinsView.swift */; };
		840048942A703AB5000F628D /* CoinRowView.swift in Sources */ = {isa = PBXBuildFile; fileRef = 840048932A703AB5000F628D /* CoinRowView.swift */; };
		840048962A7041B9000F628D /* HomeViewModel.swift in Sources */ = {isa = PBXBuildFile; fileRef = 840048952A7041B9000F628D /* HomeViewModel.swift */; };
		840048992A7042C6000F628D /* HTTPClient.swift in Sources */ = {isa = PBXBuildFile; fileRef = 840048982A7042C6000F628D /* HTTPClient.swift */; };
		8400489C2A7042E8000F628D /* RequestMethod.swift in Sources */ = {isa = PBXBuildFile; fileRef = 8400489B2A7042E8000F628D /* RequestMethod.swift */; };
		8400489E2A7042F0000F628D /* Endpoint.swift in Sources */ = {isa = PBXBuildFile; fileRef = 8400489D2A7042F0000F628D /* Endpoint.swift */; };
		840048A02A70430F000F628D /* RequestError.swift in Sources */ = {isa = PBXBuildFile; fileRef = 8400489F2A70430F000F628D /* RequestError.swift */; };
		840048A62A704514000F628D /* CoinsEndpoint.swift in Sources */ = {isa = PBXBuildFile; fileRef = 840048A52A704514000F628D /* CoinsEndpoint.swift */; };
		840048A82A704E0F000F628D /* Coin.swift in Sources */ = {isa = PBXBuildFile; fileRef = 840048A72A704E0F000F628D /* Coin.swift */; };
		840048AD2A705BA5000F628D /* Kingfisher in Frameworks */ = {isa = PBXBuildFile; productRef = 840048AC2A705BA5000F628D /* Kingfisher */; };
		840048AF2A705D4E000F628D /* Double.swift in Sources */ = {isa = PBXBuildFile; fileRef = 840048AE2A705D4E000F628D /* Double.swift */; };
		842ABA7E2A70F4E3003B9B1F /* CoinDetailsView.swift in Sources */ = {isa = PBXBuildFile; fileRef = 842ABA7D2A70F4E3003B9B1F /* CoinDetailsView.swift */; };
		842ABA802A70FC72003B9B1F /* Color.swift in Sources */ = {isa = PBXBuildFile; fileRef = 842ABA7F2A70FC72003B9B1F /* Color.swift */; };
		842ABA822A70FF49003B9B1F /* CoinDetailsSection.swift in Sources */ = {isa = PBXBuildFile; fileRef = 842ABA812A70FF49003B9B1F /* CoinDetailsSection.swift */; };
		842ABA842A710201003B9B1F /* StatisticView.swift in Sources */ = {isa = PBXBuildFile; fileRef = 842ABA832A710201003B9B1F /* StatisticView.swift */; };
		842ABA862A71056B003B9B1F /* StatisticModel.swift in Sources */ = {isa = PBXBuildFile; fileRef = 842ABA852A71056B003B9B1F /* StatisticModel.swift */; };
		842ABA8A2A710646003B9B1F /* PreviewProvider.swift in Sources */ = {isa = PBXBuildFile; fileRef = 842ABA892A710646003B9B1F /* PreviewProvider.swift */; };
		842ABA8C2A7109DA003B9B1F /* CoinDetailSectionModel.swift in Sources */ = {isa = PBXBuildFile; fileRef = 842ABA8B2A7109DA003B9B1F /* CoinDetailSectionModel.swift */; };
		842ABA8E2A711153003B9B1F /* CoinDetailsViewModel.swift in Sources */ = {isa = PBXBuildFile; fileRef = 842ABA8D2A711153003B9B1F /* CoinDetailsViewModel.swift */; };
		842ABA902A712BC0003B9B1F /* ChartData.swift in Sources */ = {isa = PBXBuildFile; fileRef = 842ABA8F2A712BC0003B9B1F /* ChartData.swift */; };
		842ABA922A712F87003B9B1F /* Date.swift in Sources */ = {isa = PBXBuildFile; fileRef = 842ABA912A712F87003B9B1F /* Date.swift */; };
		842ABA942A7134FA003B9B1F /* ChartView.swift in Sources */ = {isa = PBXBuildFile; fileRef = 842ABA932A7134FA003B9B1F /* ChartView.swift */; };
		842ABA962A715377003B9B1F /* CustomLoadingIndicator.swift in Sources */ = {isa = PBXBuildFile; fileRef = 842ABA952A715377003B9B1F /* CustomLoadingIndicator.swift */; };
		842ABA982A71575B003B9B1F /* LazyNavigationView.swift in Sources */ = {isa = PBXBuildFile; fileRef = 842ABA972A71575B003B9B1F /* LazyNavigationView.swift */; };
/* End PBXBuildFile section */

/* Begin PBXFileReference section */
		8400486E2A702EAA000F628D /* SwiftCoin.app */ = {isa = PBXFileReference; explicitFileType = wrapper.application; includeInIndex = 0; path = SwiftCoin.app; sourceTree = BUILT_PRODUCTS_DIR; };
		840048712A702EAA000F628D /* SwiftCoinApp.swift */ = {isa = PBXFileReference; lastKnownFileType = sourcecode.swift; path = SwiftCoinApp.swift; sourceTree = "<group>"; };
		840048752A702EAC000F628D /* Assets.xcassets */ = {isa = PBXFileReference; lastKnownFileType = folder.assetcatalog; path = Assets.xcassets; sourceTree = "<group>"; };
		840048782A702EAC000F628D /* Preview Assets.xcassets */ = {isa = PBXFileReference; lastKnownFileType = folder.assetcatalog; path = "Preview Assets.xcassets"; sourceTree = "<group>"; };
		840048892A702F8F000F628D /* HomeView.swift */ = {isa = PBXFileReference; lastKnownFileType = sourcecode.swift; path = HomeView.swift; sourceTree = "<group>"; };
		8400488B2A70308A000F628D /* TopMoversView.swift */ = {isa = PBXFileReference; lastKnownFileType = sourcecode.swift; path = TopMoversView.swift; sourceTree = "<group>"; };
		8400488D2A703096000F628D /* TopMoversItemView.swift */ = {isa = PBXFileReference; lastKnownFileType = sourcecode.swift; path = TopMoversItemView.swift; sourceTree = "<group>"; };
		8400488F2A703703000F628D /* AllCoinsView.swift */ = {isa = PBXFileReference; lastKnownFileType = sourcecode.swift; path = AllCoinsView.swift; sourceTree = "<group>"; };
		840048932A703AB5000F628D /* CoinRowView.swift */ = {isa = PBXFileReference; lastKnownFileType = sourcecode.swift; path = CoinRowView.swift; sourceTree = "<group>"; };
		840048952A7041B9000F628D /* HomeViewModel.swift */ = {isa = PBXFileReference; lastKnownFileType = sourcecode.swift; path = HomeViewModel.swift; sourceTree = "<group>"; };
		840048982A7042C6000F628D /* HTTPClient.swift */ = {isa = PBXFileReference; lastKnownFileType = sourcecode.swift; path = HTTPClient.swift; sourceTree = "<group>"; };
		8400489B2A7042E8000F628D /* RequestMethod.swift */ = {isa = PBXFileReference; lastKnownFileType = sourcecode.swift; path = RequestMethod.swift; sourceTree = "<group>"; };
		8400489D2A7042F0000F628D /* Endpoint.swift */ = {isa = PBXFileReference; lastKnownFileType = sourcecode.swift; path = Endpoint.swift; sourceTree = "<group>"; };
		8400489F2A70430F000F628D /* RequestError.swift */ = {isa = PBXFileReference; lastKnownFileType = sourcecode.swift; path = RequestError.swift; sourceTree = "<group>"; };
		840048A52A704514000F628D /* CoinsEndpoint.swift */ = {isa = PBXFileReference; lastKnownFileType = sourcecode.swift; path = CoinsEndpoint.swift; sourceTree = "<group>"; };
		840048A72A704E0F000F628D /* Coin.swift */ = {isa = PBXFileReference; lastKnownFileType = sourcecode.swift; path = Coin.swift; sourceTree = "<group>"; };
		840048AE2A705D4E000F628D /* Double.swift */ = {isa = PBXFileReference; lastKnownFileType = sourcecode.swift; path = Double.swift; sourceTree = "<group>"; };
		842ABA7D2A70F4E3003B9B1F /* CoinDetailsView.swift */ = {isa = PBXFileReference; lastKnownFileType = sourcecode.swift; path = CoinDetailsView.swift; sourceTree = "<group>"; };
		842ABA7F2A70FC72003B9B1F /* Color.swift */ = {isa = PBXFileReference; lastKnownFileType = sourcecode.swift; path = Color.swift; sourceTree = "<group>"; };
		842ABA812A70FF49003B9B1F /* CoinDetailsSection.swift */ = {isa = PBXFileReference; lastKnownFileType = sourcecode.swift; path = CoinDetailsSection.swift; sourceTree = "<group>"; };
		842ABA832A710201003B9B1F /* StatisticView.swift */ = {isa = PBXFileReference; lastKnownFileType = sourcecode.swift; path = StatisticView.swift; sourceTree = "<group>"; };
		842ABA852A71056B003B9B1F /* StatisticModel.swift */ = {isa = PBXFileReference; lastKnownFileType = sourcecode.swift; path = StatisticModel.swift; sourceTree = "<group>"; };
		842ABA892A710646003B9B1F /* PreviewProvider.swift */ = {isa = PBXFileReference; lastKnownFileType = sourcecode.swift; path = PreviewProvider.swift; sourceTree = "<group>"; };
		842ABA8B2A7109DA003B9B1F /* CoinDetailSectionModel.swift */ = {isa = PBXFileReference; lastKnownFileType = sourcecode.swift; path = CoinDetailSectionModel.swift; sourceTree = "<group>"; };
		842ABA8D2A711153003B9B1F /* CoinDetailsViewModel.swift */ = {isa = PBXFileReference; lastKnownFileType = sourcecode.swift; path = CoinDetailsViewModel.swift; sourceTree = "<group>"; };
		842ABA8F2A712BC0003B9B1F /* ChartData.swift */ = {isa = PBXFileReference; lastKnownFileType = sourcecode.swift; path = ChartData.swift; sourceTree = "<group>"; };
		842ABA912A712F87003B9B1F /* Date.swift */ = {isa = PBXFileReference; lastKnownFileType = sourcecode.swift; path = Date.swift; sourceTree = "<group>"; };
		842ABA932A7134FA003B9B1F /* ChartView.swift */ = {isa = PBXFileReference; lastKnownFileType = sourcecode.swift; path = ChartView.swift; sourceTree = "<group>"; };
		842ABA952A715377003B9B1F /* CustomLoadingIndicator.swift */ = {isa = PBXFileReference; lastKnownFileType = sourcecode.swift; path = CustomLoadingIndicator.swift; sourceTree = "<group>"; };
		842ABA972A71575B003B9B1F /* LazyNavigationView.swift */ = {isa = PBXFileReference; lastKnownFileType = sourcecode.swift; path = LazyNavigationView.swift; sourceTree = "<group>"; };
/* End PBXFileReference section */

/* Begin PBXFrameworksBuildPhase section */
		8400486B2A702EAA000F628D /* Frameworks */ = {
			isa = PBXFrameworksBuildPhase;
			buildActionMask = 2147483647;
			files = (
				840048AD2A705BA5000F628D /* Kingfisher in Frameworks */,
			);
			runOnlyForDeploymentPostprocessing = 0;
		};
/* End PBXFrameworksBuildPhase section */

/* Begin PBXGroup section */
		840048652A702EAA000F628D = {
			isa = PBXGroup;
			children = (
				840048702A702EAA000F628D /* SwiftCoin */,
				8400486F2A702EAA000F628D /* Products */,
			);
			sourceTree = "<group>";
		};
		8400486F2A702EAA000F628D /* Products */ = {
			isa = PBXGroup;
			children = (
				8400486E2A702EAA000F628D /* SwiftCoin.app */,
			);
			name = Products;
			sourceTree = "<group>";
		};
		840048702A702EAA000F628D /* SwiftCoin */ = {
			isa = PBXGroup;
			children = (
				840048972A7042B8000F628D /* Networking */,
				840048852A702EF8000F628D /* Utils */,
				840048842A702EF0000F628D /* Extensions */,
				840048832A702EEE000F628D /* Models */,
				840048822A702EEA000F628D /* Core */,
				8400487F2A702ED7000F628D /* App */,
				840048752A702EAC000F628D /* Assets.xcassets */,
				840048772A702EAC000F628D /* Preview Content */,
			);
			path = SwiftCoin;
			sourceTree = "<group>";
		};
		840048772A702EAC000F628D /* Preview Content */ = {
			isa = PBXGroup;
			children = (
				840048782A702EAC000F628D /* Preview Assets.xcassets */,
			);
			path = "Preview Content";
			sourceTree = "<group>";
		};
		8400487F2A702ED7000F628D /* App */ = {
			isa = PBXGroup;
			children = (
				840048712A702EAA000F628D /* SwiftCoinApp.swift */,
			);
			path = App;
			sourceTree = "<group>";
		};
		840048822A702EEA000F628D /* Core */ = {
			isa = PBXGroup;
			children = (
				842ABA7A2A70F472003B9B1F /* CoinDetails */,
				840048862A702F1A000F628D /* Home */,
			);
			path = Core;
			sourceTree = "<group>";
		};
		840048832A702EEE000F628D /* Models */ = {
			isa = PBXGroup;
			children = (
				840048A72A704E0F000F628D /* Coin.swift */,
				842ABA852A71056B003B9B1F /* StatisticModel.swift */,
				842ABA8B2A7109DA003B9B1F /* CoinDetailSectionModel.swift */,
				842ABA8F2A712BC0003B9B1F /* ChartData.swift */,
			);
			path = Models;
			sourceTree = "<group>";
		};
		840048842A702EF0000F628D /* Extensions */ = {
			isa = PBXGroup;
			children = (
				842ABA7F2A70FC72003B9B1F /* Color.swift */,
				840048AE2A705D4E000F628D /* Double.swift */,
				842ABA912A712F87003B9B1F /* Date.swift */,
				842ABA892A710646003B9B1F /* PreviewProvider.swift */,
			);
			path = Extensions;
			sourceTree = "<group>";
		};
		840048852A702EF8000F628D /* Utils */ = {
			isa = PBXGroup;
			children = (
				842ABA952A715377003B9B1F /* CustomLoadingIndicator.swift */,
				842ABA972A71575B003B9B1F /* LazyNavigationView.swift */,
			);
			path = Utils;
			sourceTree = "<group>";
		};
		840048862A702F1A000F628D /* Home */ = {
			isa = PBXGroup;
			children = (
				840048882A702F66000F628D /* ViewModels */,
				840048872A702F63000F628D /* Views */,
			);
			path = Home;
			sourceTree = "<group>";
		};
		840048872A702F63000F628D /* Views */ = {
			isa = PBXGroup;
			children = (
				840048892A702F8F000F628D /* HomeView.swift */,
				8400488B2A70308A000F628D /* TopMoversView.swift */,
				8400488D2A703096000F628D /* TopMoversItemView.swift */,
				8400488F2A703703000F628D /* AllCoinsView.swift */,
				840048932A703AB5000F628D /* CoinRowView.swift */,
			);
			path = Views;
			sourceTree = "<group>";
		};
		840048882A702F66000F628D /* ViewModels */ = {
			isa = PBXGroup;
			children = (
				840048952A7041B9000F628D /* HomeViewModel.swift */,
			);
			path = ViewModels;
			sourceTree = "<group>";
		};
		840048972A7042B8000F628D /* Networking */ = {
			isa = PBXGroup;
			children = (
				840048982A7042C6000F628D /* HTTPClient.swift */,
				8400489B2A7042E8000F628D /* RequestMethod.swift */,
				8400489F2A70430F000F628D /* RequestError.swift */,
				840048A42A70444B000F628D /* Endpoint */,
			);
			path = Networking;
			sourceTree = "<group>";
		};
		840048A42A70444B000F628D /* Endpoint */ = {
			isa = PBXGroup;
			children = (
				8400489D2A7042F0000F628D /* Endpoint.swift */,
				840048A52A704514000F628D /* CoinsEndpoint.swift */,
			);
			path = Endpoint;
			sourceTree = "<group>";
		};
		842ABA7A2A70F472003B9B1F /* CoinDetails */ = {
			isa = PBXGroup;
			children = (
				842ABA7B2A70F47C003B9B1F /* ViewModels */,
				842ABA7C2A70F480003B9B1F /* Views */,
			);
			path = CoinDetails;
			sourceTree = "<group>";
		};
		842ABA7B2A70F47C003B9B1F /* ViewModels */ = {
			isa = PBXGroup;
			children = (
				842ABA8D2A711153003B9B1F /* CoinDetailsViewModel.swift */,
			);
			path = ViewModels;
			sourceTree = "<group>";
		};
		842ABA7C2A70F480003B9B1F /* Views */ = {
			isa = PBXGroup;
			children = (
				842ABA7D2A70F4E3003B9B1F /* CoinDetailsView.swift */,
				842ABA812A70FF49003B9B1F /* CoinDetailsSection.swift */,
				842ABA832A710201003B9B1F /* StatisticView.swift */,
				842ABA932A7134FA003B9B1F /* ChartView.swift */,
			);
			path = Views;
			sourceTree = "<group>";
		};
/* End PBXGroup section */

/* Begin PBXNativeTarget section */
		8400486D2A702EAA000F628D /* SwiftCoin */ = {
			isa = PBXNativeTarget;
			buildConfigurationList = 8400487C2A702EAC000F628D /* Build configuration list for PBXNativeTarget "SwiftCoin" */;
			buildPhases = (
				8400486A2A702EAA000F628D /* Sources */,
				8400486B2A702EAA000F628D /* Frameworks */,
				8400486C2A702EAA000F628D /* Resources */,
			);
			buildRules = (
			);
			dependencies = (
			);
			name = SwiftCoin;
			packageProductDependencies = (
				840048AC2A705BA5000F628D /* Kingfisher */,
			);
			productName = SwiftCoin;
			productReference = 8400486E2A702EAA000F628D /* SwiftCoin.app */;
			productType = "com.apple.product-type.application";
		};
/* End PBXNativeTarget section */

/* Begin PBXProject section */
		840048662A702EAA000F628D /* Project object */ = {
			isa = PBXProject;
			attributes = {
				BuildIndependentTargetsInParallel = 1;
				LastSwiftUpdateCheck = 1430;
				LastUpgradeCheck = 1430;
				TargetAttributes = {
					8400486D2A702EAA000F628D = {
						CreatedOnToolsVersion = 14.3.1;
					};
				};
			};
			buildConfigurationList = 840048692A702EAA000F628D /* Build configuration list for PBXProject "SwiftCoin" */;
			compatibilityVersion = "Xcode 14.0";
			developmentRegion = en;
			hasScannedForEncodings = 0;
			knownRegions = (
				en,
				Base,
			);
			mainGroup = 840048652A702EAA000F628D;
			packageReferences = (
				840048AB2A705BA5000F628D /* XCRemoteSwiftPackageReference "Kingfisher" */,
			);
			productRefGroup = 8400486F2A702EAA000F628D /* Products */;
			projectDirPath = "";
			projectRoot = "";
			targets = (
				8400486D2A702EAA000F628D /* SwiftCoin */,
			);
		};
/* End PBXProject section */

/* Begin PBXResourcesBuildPhase section */
		8400486C2A702EAA000F628D /* Resources */ = {
			isa = PBXResourcesBuildPhase;
			buildActionMask = 2147483647;
			files = (
				840048792A702EAC000F628D /* Preview Assets.xcassets in Resources */,
				840048762A702EAC000F628D /* Assets.xcassets in Resources */,
			);
			runOnlyForDeploymentPostprocessing = 0;
		};
/* End PBXResourcesBuildPhase section */

/* Begin PBXSourcesBuildPhase section */
		8400486A2A702EAA000F628D /* Sources */ = {
			isa = PBXSourcesBuildPhase;
			buildActionMask = 2147483647;
			files = (
				842ABA862A71056B003B9B1F /* StatisticModel.swift in Sources */,
				840048942A703AB5000F628D /* CoinRowView.swift in Sources */,
				840048962A7041B9000F628D /* HomeViewModel.swift in Sources */,
				8400488C2A70308A000F628D /* TopMoversView.swift in Sources */,
				840048902A703703000F628D /* AllCoinsView.swift in Sources */,
				8400488A2A702F8F000F628D /* HomeView.swift in Sources */,
				842ABA8E2A711153003B9B1F /* CoinDetailsViewModel.swift in Sources */,
				842ABA922A712F87003B9B1F /* Date.swift in Sources */,
				842ABA802A70FC72003B9B1F /* Color.swift in Sources */,
				8400489C2A7042E8000F628D /* RequestMethod.swift in Sources */,
				842ABA842A710201003B9B1F /* StatisticView.swift in Sources */,
				842ABA8A2A710646003B9B1F /* PreviewProvider.swift in Sources */,
				840048AF2A705D4E000F628D /* Double.swift in Sources */,
				842ABA962A715377003B9B1F /* CustomLoadingIndicator.swift in Sources */,
				842ABA982A71575B003B9B1F /* LazyNavigationView.swift in Sources */,
				842ABA822A70FF49003B9B1F /* CoinDetailsSection.swift in Sources */,
				842ABA7E2A70F4E3003B9B1F /* CoinDetailsView.swift in Sources */,
				840048A82A704E0F000F628D /* Coin.swift in Sources */,
				840048992A7042C6000F628D /* HTTPClient.swift in Sources */,
				842ABA902A712BC0003B9B1F /* ChartData.swift in Sources */,
				840048722A702EAA000F628D /* SwiftCoinApp.swift in Sources */,
				840048A02A70430F000F628D /* RequestError.swift in Sources */,
				842ABA8C2A7109DA003B9B1F /* CoinDetailSectionModel.swift in Sources */,
				8400488E2A703096000F628D /* TopMoversItemView.swift in Sources */,
				8400489E2A7042F0000F628D /* Endpoint.swift in Sources */,
				842ABA942A7134FA003B9B1F /* ChartView.swift in Sources */,
				840048A62A704514000F628D /* CoinsEndpoint.swift in Sources */,
			);
			runOnlyForDeploymentPostprocessing = 0;
		};
/* End PBXSourcesBuildPhase section */

/* Begin XCBuildConfiguration section */
		8400487A2A702EAC000F628D /* Debug */ = {
			isa = XCBuildConfiguration;
			buildSettings = {
				ALWAYS_SEARCH_USER_PATHS = NO;
				CLANG_ANALYZER_NONNULL = YES;
				CLANG_ANALYZER_NUMBER_OBJECT_CONVERSION = YES_AGGRESSIVE;
				CLANG_CXX_LANGUAGE_STANDARD = "gnu++20";
				CLANG_ENABLE_MODULES = YES;
				CLANG_ENABLE_OBJC_ARC = YES;
				CLANG_ENABLE_OBJC_WEAK = YES;
				CLANG_WARN_BLOCK_CAPTURE_AUTORELEASING = YES;
				CLANG_WARN_BOOL_CONVERSION = YES;
				CLANG_WARN_COMMA = YES;
				CLANG_WARN_CONSTANT_CONVERSION = YES;
				CLANG_WARN_DEPRECATED_OBJC_IMPLEMENTATIONS = YES;
				CLANG_WARN_DIRECT_OBJC_ISA_USAGE = YES_ERROR;
				CLANG_WARN_DOCUMENTATION_COMMENTS = YES;
				CLANG_WARN_EMPTY_BODY = YES;
				CLANG_WARN_ENUM_CONVERSION = YES;
				CLANG_WARN_INFINITE_RECURSION = YES;
				CLANG_WARN_INT_CONVERSION = YES;
				CLANG_WARN_NON_LITERAL_NULL_CONVERSION = YES;
				CLANG_WARN_OBJC_IMPLICIT_RETAIN_SELF = YES;
				CLANG_WARN_OBJC_LITERAL_CONVERSION = YES;
				CLANG_WARN_OBJC_ROOT_CLASS = YES_ERROR;
				CLANG_WARN_QUOTED_INCLUDE_IN_FRAMEWORK_HEADER = YES;
				CLANG_WARN_RANGE_LOOP_ANALYSIS = YES;
				CLANG_WARN_STRICT_PROTOTYPES = YES;
				CLANG_WARN_SUSPICIOUS_MOVE = YES;
				CLANG_WARN_UNGUARDED_AVAILABILITY = YES_AGGRESSIVE;
				CLANG_WARN_UNREACHABLE_CODE = YES;
				CLANG_WARN__DUPLICATE_METHOD_MATCH = YES;
				COPY_PHASE_STRIP = NO;
				DEBUG_INFORMATION_FORMAT = dwarf;
				ENABLE_STRICT_OBJC_MSGSEND = YES;
				ENABLE_TESTABILITY = YES;
				GCC_C_LANGUAGE_STANDARD = gnu11;
				GCC_DYNAMIC_NO_PIC = NO;
				GCC_NO_COMMON_BLOCKS = YES;
				GCC_OPTIMIZATION_LEVEL = 0;
				GCC_PREPROCESSOR_DEFINITIONS = (
					"DEBUG=1",
					"$(inherited)",
				);
				GCC_WARN_64_TO_32_BIT_CONVERSION = YES;
				GCC_WARN_ABOUT_RETURN_TYPE = YES_ERROR;
				GCC_WARN_UNDECLARED_SELECTOR = YES;
				GCC_WARN_UNINITIALIZED_AUTOS = YES_AGGRESSIVE;
				GCC_WARN_UNUSED_FUNCTION = YES;
				GCC_WARN_UNUSED_VARIABLE = YES;
				IPHONEOS_DEPLOYMENT_TARGET = 16.4;
				MTL_ENABLE_DEBUG_INFO = INCLUDE_SOURCE;
				MTL_FAST_MATH = YES;
				ONLY_ACTIVE_ARCH = YES;
				SDKROOT = iphoneos;
				SWIFT_ACTIVE_COMPILATION_CONDITIONS = DEBUG;
				SWIFT_OPTIMIZATION_LEVEL = "-Onone";
			};
			name = Debug;
		};
		8400487B2A702EAC000F628D /* Release */ = {
			isa = XCBuildConfiguration;
			buildSettings = {
				ALWAYS_SEARCH_USER_PATHS = NO;
				CLANG_ANALYZER_NONNULL = YES;
				CLANG_ANALYZER_NUMBER_OBJECT_CONVERSION = YES_AGGRESSIVE;
				CLANG_CXX_LANGUAGE_STANDARD = "gnu++20";
				CLANG_ENABLE_MODULES = YES;
				CLANG_ENABLE_OBJC_ARC = YES;
				CLANG_ENABLE_OBJC_WEAK = YES;
				CLANG_WARN_BLOCK_CAPTURE_AUTORELEASING = YES;
				CLANG_WARN_BOOL_CONVERSION = YES;
				CLANG_WARN_COMMA = YES;
				CLANG_WARN_CONSTANT_CONVERSION = YES;
				CLANG_WARN_DEPRECATED_OBJC_IMPLEMENTATIONS = YES;
				CLANG_WARN_DIRECT_OBJC_ISA_USAGE = YES_ERROR;
				CLANG_WARN_DOCUMENTATION_COMMENTS = YES;
				CLANG_WARN_EMPTY_BODY = YES;
				CLANG_WARN_ENUM_CONVERSION = YES;
				CLANG_WARN_INFINITE_RECURSION = YES;
				CLANG_WARN_INT_CONVERSION = YES;
				CLANG_WARN_NON_LITERAL_NULL_CONVERSION = YES;
				CLANG_WARN_OBJC_IMPLICIT_RETAIN_SELF = YES;
				CLANG_WARN_OBJC_LITERAL_CONVERSION = YES;
				CLANG_WARN_OBJC_ROOT_CLASS = YES_ERROR;
				CLANG_WARN_QUOTED_INCLUDE_IN_FRAMEWORK_HEADER = YES;
				CLANG_WARN_RANGE_LOOP_ANALYSIS = YES;
				CLANG_WARN_STRICT_PROTOTYPES = YES;
				CLANG_WARN_SUSPICIOUS_MOVE = YES;
				CLANG_WARN_UNGUARDED_AVAILABILITY = YES_AGGRESSIVE;
				CLANG_WARN_UNREACHABLE_CODE = YES;
				CLANG_WARN__DUPLICATE_METHOD_MATCH = YES;
				COPY_PHASE_STRIP = NO;
				DEBUG_INFORMATION_FORMAT = "dwarf-with-dsym";
				ENABLE_NS_ASSERTIONS = NO;
				ENABLE_STRICT_OBJC_MSGSEND = YES;
				GCC_C_LANGUAGE_STANDARD = gnu11;
				GCC_NO_COMMON_BLOCKS = YES;
				GCC_WARN_64_TO_32_BIT_CONVERSION = YES;
				GCC_WARN_ABOUT_RETURN_TYPE = YES_ERROR;
				GCC_WARN_UNDECLARED_SELECTOR = YES;
				GCC_WARN_UNINITIALIZED_AUTOS = YES_AGGRESSIVE;
				GCC_WARN_UNUSED_FUNCTION = YES;
				GCC_WARN_UNUSED_VARIABLE = YES;
				IPHONEOS_DEPLOYMENT_TARGET = 16.4;
				MTL_ENABLE_DEBUG_INFO = NO;
				MTL_FAST_MATH = YES;
				SDKROOT = iphoneos;
				SWIFT_COMPILATION_MODE = wholemodule;
				SWIFT_OPTIMIZATION_LEVEL = "-O";
				VALIDATE_PRODUCT = YES;
			};
			name = Release;
		};
		8400487D2A702EAC000F628D /* Debug */ = {
			isa = XCBuildConfiguration;
			buildSettings = {
				ASSETCATALOG_COMPILER_APPICON_NAME = AppIcon;
				ASSETCATALOG_COMPILER_GLOBAL_ACCENT_COLOR_NAME = AccentColor;
				CODE_SIGN_STYLE = Automatic;
				CURRENT_PROJECT_VERSION = 1;
				DEVELOPMENT_ASSET_PATHS = "\"SwiftCoin/Preview Content\"";
				DEVELOPMENT_TEAM = 23JT2Q6K2U;
				ENABLE_PREVIEWS = YES;
				GENERATE_INFOPLIST_FILE = YES;
				INFOPLIST_KEY_UIApplicationSceneManifest_Generation = YES;
				INFOPLIST_KEY_UIApplicationSupportsIndirectInputEvents = YES;
				INFOPLIST_KEY_UILaunchScreen_Generation = YES;
				INFOPLIST_KEY_UISupportedInterfaceOrientations_iPad = "UIInterfaceOrientationPortrait UIInterfaceOrientationPortraitUpsideDown UIInterfaceOrientationLandscapeLeft UIInterfaceOrientationLandscapeRight";
				INFOPLIST_KEY_UISupportedInterfaceOrientations_iPhone = "UIInterfaceOrientationPortrait UIInterfaceOrientationLandscapeLeft UIInterfaceOrientationLandscapeRight";
				LD_RUNPATH_SEARCH_PATHS = (
					"$(inherited)",
					"@executable_path/Frameworks",
				);
				MARKETING_VERSION = 1.0;
				PRODUCT_BUNDLE_IDENTIFIER = cem.SwiftCoin;
				PRODUCT_NAME = "$(TARGET_NAME)";
				SWIFT_EMIT_LOC_STRINGS = YES;
				SWIFT_VERSION = 5.0;
				TARGETED_DEVICE_FAMILY = "1,2";
			};
			name = Debug;
		};
		8400487E2A702EAC000F628D /* Release */ = {
			isa = XCBuildConfiguration;
			buildSettings = {
				ASSETCATALOG_COMPILER_APPICON_NAME = AppIcon;
				ASSETCATALOG_COMPILER_GLOBAL_ACCENT_COLOR_NAME = AccentColor;
				CODE_SIGN_STYLE = Automatic;
				CURRENT_PROJECT_VERSION = 1;
				DEVELOPMENT_ASSET_PATHS = "\"SwiftCoin/Preview Content\"";
				DEVELOPMENT_TEAM = 23JT2Q6K2U;
				ENABLE_PREVIEWS = YES;
				GENERATE_INFOPLIST_FILE = YES;
				INFOPLIST_KEY_UIApplicationSceneManifest_Generation = YES;
				INFOPLIST_KEY_UIApplicationSupportsIndirectInputEvents = YES;
				INFOPLIST_KEY_UILaunchScreen_Generation = YES;
				INFOPLIST_KEY_UISupportedInterfaceOrientations_iPad = "UIInterfaceOrientationPortrait UIInterfaceOrientationPortraitUpsideDown UIInterfaceOrientationLandscapeLeft UIInterfaceOrientationLandscapeRight";
				INFOPLIST_KEY_UISupportedInterfaceOrientations_iPhone = "UIInterfaceOrientationPortrait UIInterfaceOrientationLandscapeLeft UIInterfaceOrientationLandscapeRight";
				LD_RUNPATH_SEARCH_PATHS = (
					"$(inherited)",
					"@executable_path/Frameworks",
				);
				MARKETING_VERSION = 1.0;
				PRODUCT_BUNDLE_IDENTIFIER = cem.SwiftCoin;
				PRODUCT_NAME = "$(TARGET_NAME)";
				SWIFT_EMIT_LOC_STRINGS = YES;
				SWIFT_VERSION = 5.0;
				TARGETED_DEVICE_FAMILY = "1,2";
			};
			name = Release;
		};
/* End XCBuildConfiguration section */

/* Begin XCConfigurationList section */
		840048692A702EAA000F628D /* Build configuration list for PBXProject "SwiftCoin" */ = {
			isa = XCConfigurationList;
			buildConfigurations = (
				8400487A2A702EAC000F628D /* Debug */,
				8400487B2A702EAC000F628D /* Release */,
			);
			defaultConfigurationIsVisible = 0;
			defaultConfigurationName = Release;
		};
		8400487C2A702EAC000F628D /* Build configuration list for PBXNativeTarget "SwiftCoin" */ = {
			isa = XCConfigurationList;
			buildConfigurations = (
				8400487D2A702EAC000F628D /* Debug */,
				8400487E2A702EAC000F628D /* Release */,
			);
			defaultConfigurationIsVisible = 0;
			defaultConfigurationName = Release;
		};
/* End XCConfigurationList section */

/* Begin XCRemoteSwiftPackageReference section */
		840048AB2A705BA5000F628D /* XCRemoteSwiftPackageReference "Kingfisher" */ = {
			isa = XCRemoteSwiftPackageReference;
			repositoryURL = "https://github.com/onevcat/Kingfisher.git";
			requirement = {
				kind = upToNextMajorVersion;
				minimumVersion = 7.0.0;
			};
		};
/* End XCRemoteSwiftPackageReference section */

/* Begin XCSwiftPackageProductDependency section */
		840048AC2A705BA5000F628D /* Kingfisher */ = {
			isa = XCSwiftPackageProductDependency;
			package = 840048AB2A705BA5000F628D /* XCRemoteSwiftPackageReference "Kingfisher" */;
			productName = Kingfisher;
		};
/* End XCSwiftPackageProductDependency section */
	};
	rootObject = 840048662A702EAA000F628D /* Project object */;
}
